
Microsoft Visual Studio Solution File, Format Version 12.00
# Visual Studio Version 16
VisualStudioVersion = 16.0.32428.217
MinimumVisualStudioVersion = 10.0.40219.1
Project("{9A19103F-16F7-4668-BE54-9A1E7A4F7556}") = "PPAP", "PPAP.csproj", "{BB5568A8-3B64-4F2E-8E80-3074AB22B829}"
EndProject
Global
	GlobalSection(SolutionConfigurationPlatforms) = preSolution
		Debug|Any CPU = Debug|Any CPU
		Release|Any CPU = Release|Any CPU
	EndGlobalSection
	GlobalSection(ProjectConfigurationPlatforms) = postSolution
		{BB5568A8-3B64-4F2E-8E80-3074AB22B829}.Debug|Any CPU.ActiveCfg = Debug|Any CPU
		{BB5568A8-3B64-4F2E-8E80-3074AB22B829}.Debug|Any CPU.Build.0 = Debug|Any CPU
		{BB5568A8-3B64-4F2E-8E80-3074AB22B829}.Release|Any CPU.ActiveCfg = Release|Any CPU
		{BB5568A8-3B64-4F2E-8E80-3074AB22B829}.Release|Any CPU.Build.0 = Release|Any CPU
	EndGlobalSection
	GlobalSection(SolutionProperties) = preSolution
		HideSolutionNode = FALSE
	EndGlobalSection
	GlobalSection(ExtensibilityGlobals) = postSolution
		SolutionGuid = {D695ABC9-6013-4D1F-8987-08E48706FE40}
	EndGlobalSection
EndGlobal
